
Microsoft Visual Studio Solution File, Format Version 12.00
# Visual Studio 15
VisualStudioVersion = 15.0.26730.8
MinimumVisualStudioVersion = 10.0.40219.1
Project("{FAE04EC0-301F-11D3-BF4B-00C04F79EFBC}") = "VirtualPremise.Domain.Financials", "VirtualPremise.Domain.Financials\VirtualPremise.Domain.Financials.csproj", "{A2CF81D3-7B96-46B8-98BA-8F8E4478F46B}"
EndProject
Project("{FAE04EC0-301F-11D3-BF4B-00C04F79EFBC}") = "VirtualPremise.Domain.PercentRent", "VirtualPremise.Domain.PercentRent\VirtualPremise.Domain.PercentRent.csproj", "{D3E1B759-2185-4446-AF14-A98E0556B4E2}"
EndProject
Project("{FAE04EC0-301F-11D3-BF4B-00C04F79EFBC}") = "VirtualPremise.Domain.Security", "VirtualPremise.Domain.Security\VirtualPremise.Domain.Security.csproj", "{5C501C28-D515-47F7-AF29-479AB06DFBB7}"
EndProject
Project("{FAE04EC0-301F-11D3-BF4B-00C04F79EFBC}") = "VirtualPremise.Domain.VPObjects", "VirtualPremise.Domain.VPObjects\VirtualPremise.Domain.VPObjects.csproj", "{4E4C12E7-C609-4D79-A607-98C8C0DF9C59}"
EndProject
Project("{FAE04EC0-301F-11D3-BF4B-00C04F79EFBC}") = "VirtualPremise.Domain.Web.Profile", "VirtualPremise.Domain.Web\VirtualPremise.Domain.Web.Profile.csproj", "{846C2D55-7663-4386-9412-AA9CBAE4565D}"
EndProject
Project("{FAE04EC0-301F-11D3-BF4B-00C04F79EFBC}") = "VirtualPremise.Domain.Web.UIServices", "VirtualPremise.Domain.Web.UIServices\VirtualPremise.Domain.Web.UIServices.csproj", "{EE24DF1F-6676-40D9-8302-E05031B160ED}"
EndProject
Project("{E24C65DC-7377-472B-9ABA-BC803B73C61A}") = "VP_V06", "VP_V06", "{DC9C78F1-2C47-4B21-8027-F2B331BAAD78}"
	ProjectSection(WebsiteProperties) = preProject
		SccProjectName = "SAK"
		SccAuxPath = "SAK"
		SccLocalPath = "SAK"
		SccProvider = "SAK"
		TargetFrameworkMoniker = ".NETFramework,Version%3Dv4.6.1"
		ProjectReferences = "{A2CF81D3-7B96-46B8-98BA-8F8E4478F46B}|VirtualPremise.Domain.Financials.dll;{5C501C28-D515-47F7-AF29-479AB06DFBB7}|VirtualPremise.Domain.Security.dll;{846C2D55-7663-4386-9412-AA9CBAE4565D}|VirtualPremise.Domain.Web.Profile.dll;{D3E1B759-2185-4446-AF14-A98E0556B4E2}|VirtualPremise.Domain.PercentRent.dll;{EE24DF1F-6676-40D9-8302-E05031B160ED}|VirtualPremise.Domain.Web.UIServices.dll;{4E4C12E7-C609-4D79-A607-98C8C0DF9C59}|VirtualPremise.Domain.VPObjects.dll;{06371258-37b7-47ba-a85b-e59e86e12453}|VirtualPremise.Domain.RequestManagement.dll;{353B1A21-4E88-45B3-BF86-F317C267DEE6}|VirtualPremise.Domain.Logging.dll;{40dfd8a2-7931-4272-91a2-23948c666273}|VirtualPremise.Domain.Repositories.dll;{b90c41dc-c0ea-486c-a951-ea2b78a5d89a}|VirtualPremise.Domain.Reports.dll;"
		Debug.AspNetCompiler.VirtualPath = "/VP_V06"
		Debug.AspNetCompiler.PhysicalPath = "VP_V06\"
		Debug.AspNetCompiler.TargetPath = "PrecompiledWeb\VP_V06\"
		Debug.AspNetCompiler.Updateable = "true"
		Debug.AspNetCompiler.ForceOverwrite = "true"
		Debug.AspNetCompiler.FixedNames = "false"
		Debug.AspNetCompiler.Debug = "True"
		Release.AspNetCompiler.VirtualPath = "/VP_V06"
		Release.AspNetCompiler.PhysicalPath = "VP_V06\"
		Release.AspNetCompiler.TargetPath = "PrecompiledWeb\VP_V06\"
		Release.AspNetCompiler.Updateable = "true"
		Release.AspNetCompiler.ForceOverwrite = "true"
		Release.AspNetCompiler.FixedNames = "false"
		Release.AspNetCompiler.Debug = "False"
		VWDPort = "57105"
		SlnRelativePath = "VP_V06\"
	EndProjectSection
EndProject
Project("{FAE04EC0-301F-11D3-BF4B-00C04F79EFBC}") = "VirtualPremise.Domain.Financials.Test", "VirtualPremise.Domain.Financials.Test\VirtualPremise.Domain.Financials.Test\VirtualPremise.Domain.Financials.Test.csproj", "{786F1DC7-87D5-4B57-8D6D-7643B8A912CA}"
EndProject
Project("{FAE04EC0-301F-11D3-BF4B-00C04F79EFBC}") = "VirtualPremise.Domain.Logging", "VirtualPremise.Domain.Logging\VirtualPremise.Domain.Logging.csproj", "{353B1A21-4E88-45B3-BF86-F317C267DEE6}"
EndProject
Project("{FAE04EC0-301F-11D3-BF4B-00C04F79EFBC}") = "VirtualPremise.Domain.RequestManagement", "VirtualPremise.Domain.RequestManagement\VirtualPremise.Domain.RequestManagement.csproj", "{06371258-37B7-47BA-A85B-E59E86E12453}"
EndProject
Project("{FAE04EC0-301F-11D3-BF4B-00C04F79EFBC}") = "VirtualPremise.Domain.RequestManagement.Test", "VirtualPremise.Domain.RequestManagement.Test\VirtualPremise.Domain.RequestManagement.Test.csproj", "{40999F57-E3FC-4328-AD91-720462B420F2}"
EndProject
Project("{FAE04EC0-301F-11D3-BF4B-00C04F79EFBC}") = "VirtualPremise.Domain.VPObjects.Test", "VirtualPremise.Domain.VPObjects.Test\VirtualPremise.Domain.VPObjects.Test.csproj", "{969B4E63-0A61-4EC8-9AFC-453F5589401B}"
EndProject
Project("{FAE04EC0-301F-11D3-BF4B-00C04F79EFBC}") = "VirtualPremise.Domain.Logging.Test", "VirtualPremise.Domain.Logging.Test\VirtualPremise.Domain.Logging.Test.csproj", "{1963254E-65B0-4B93-8665-1F490614B879}"
EndProject
Project("{FAE04EC0-301F-11D3-BF4B-00C04F79EFBC}") = "VirtualPremise.Domain.PercentRent.Test", "VirtualPremise.Domain.PercentRent.Test\VirtualPremise.Domain.PercentRent.Test.csproj", "{33126417-BCAE-4583-82DF-678F04AD8241}"
EndProject
Project("{FAE04EC0-301F-11D3-BF4B-00C04F79EFBC}") = "VirtualPremise.Domain.Web.Profile.Test", "VirtualPremise.Domain.Web.Profile.Test\VirtualPremise.Domain.Web.Profile.Test.csproj", "{E0331293-B58A-476E-BB4C-C900F8BF1EC2}"
EndProject
Project("{FAE04EC0-301F-11D3-BF4B-00C04F79EFBC}") = "VirtualPremise.Domain.Web.UIServices.Test", "VirtualPremise.Domain.Web.UIServices.Test\VirtualPremise.Domain.Web.UIServices.Test.csproj", "{02B8B0B4-BCBD-4C3E-B021-B43D731E09BF}"
EndProject
Project("{FAE04EC0-301F-11D3-BF4B-00C04F79EFBC}") = "VirtualPremise.Domain.Repositories", "VirtualPremise.Domain.Repositories\VirtualPremise.Domain.Repositories.csproj", "{40DFD8A2-7931-4272-91A2-23948C666273}"
EndProject
Project("{FAE04EC0-301F-11D3-BF4B-00C04F79EFBC}") = "VirtualPremise.Domain.Reports", "VirtualPremise.Domain.Reports\VirtualPremise.Domain.Reports.csproj", "{B90C41DC-C0EA-486C-A951-EA2B78A5D89A}"
EndProject
Project("{FAE04EC0-301F-11D3-BF4B-00C04F79EFBC}") = "VirtualPremise.Domain.Reports.Test", "VirtualPremise.Domain.Reports.Test\VirtualPremise.Domain.Reports.Test.csproj", "{C4CEE545-C19C-46F1-94D0-FFB6D0640C2F}"
EndProject
Project("{FAE04EC0-301F-11D3-BF4B-00C04F79EFBC}") = "VirtualPremise.Web.UI.ReportViewer05", "VirtualPremise.Web.UI.ReportViewer05\VirtualPremise.Web.UI.ReportViewer05.csproj", "{98054A68-7396-43EF-9518-A57D10770432}"
EndProject
Project("{FAE04EC0-301F-11D3-BF4B-00C04F79EFBC}") = "VirtualPremise.Domain.Web.Test", "VirtualPremise.Domain.Web.Test\VirtualPremise.Domain.Web.Test.csproj", "{0AA057C7-6987-4BEE-8049-A36FEF8CDC45}"
EndProject
Project("{F184B08F-C81C-45F6-A57F-5ABD9991F28F}") = "v05", "v05\v05.vbproj", "{44ED6E85-88D6-4C4F-8DA7-A0C52320C92C}"
EndProject
Global
	GlobalSection(SolutionConfigurationPlatforms) = preSolution
		Debug|Any CPU = Debug|Any CPU
		Debug|x86 = Debug|x86
		Release|Any CPU = Release|Any CPU
		Release|x86 = Release|x86
		Testing|Any CPU = Testing|Any CPU
		Testing|x86 = Testing|x86
	EndGlobalSection
	GlobalSection(ProjectConfigurationPlatforms) = postSolution
		{A2CF81D3-7B96-46B8-98BA-8F8E4478F46B}.Debug|Any CPU.ActiveCfg = Debug|Any CPU
		{A2CF81D3-7B96-46B8-98BA-8F8E4478F46B}.Debug|Any CPU.Build.0 = Debug|Any CPU
		{A2CF81D3-7B96-46B8-98BA-8F8E4478F46B}.Debug|x86.ActiveCfg = Debug|Any CPU
		{A2CF81D3-7B96-46B8-98BA-8F8E4478F46B}.Release|Any CPU.ActiveCfg = Release|Any CPU
		{A2CF81D3-7B96-46B8-98BA-8F8E4478F46B}.Release|Any CPU.Build.0 = Release|Any CPU
		{A2CF81D3-7B96-46B8-98BA-8F8E4478F46B}.Release|x86.ActiveCfg = Release|Any CPU
		{A2CF81D3-7B96-46B8-98BA-8F8E4478F46B}.Testing|Any CPU.ActiveCfg = Release|Any CPU
		{A2CF81D3-7B96-46B8-98BA-8F8E4478F46B}.Testing|Any CPU.Build.0 = Release|Any CPU
		{A2CF81D3-7B96-46B8-98BA-8F8E4478F46B}.Testing|x86.ActiveCfg = Release|Any CPU
		{D3E1B759-2185-4446-AF14-A98E0556B4E2}.Debug|Any CPU.ActiveCfg = Debug|Any CPU
		{D3E1B759-2185-4446-AF14-A98E0556B4E2}.Debug|Any CPU.Build.0 = Debug|Any CPU
		{D3E1B759-2185-4446-AF14-A98E0556B4E2}.Debug|x86.ActiveCfg = Debug|Any CPU
		{D3E1B759-2185-4446-AF14-A98E0556B4E2}.Release|Any CPU.ActiveCfg = Release|Any CPU
		{D3E1B759-2185-4446-AF14-A98E0556B4E2}.Release|Any CPU.Build.0 = Release|Any CPU
		{D3E1B759-2185-4446-AF14-A98E0556B4E2}.Release|x86.ActiveCfg = Release|Any CPU
		{D3E1B759-2185-4446-AF14-A98E0556B4E2}.Testing|Any CPU.ActiveCfg = Release|Any CPU
		{D3E1B759-2185-4446-AF14-A98E0556B4E2}.Testing|Any CPU.Build.0 = Release|Any CPU
		{D3E1B759-2185-4446-AF14-A98E0556B4E2}.Testing|x86.ActiveCfg = Release|Any CPU
		{5C501C28-D515-47F7-AF29-479AB06DFBB7}.Debug|Any CPU.ActiveCfg = Debug|Any CPU
		{5C501C28-D515-47F7-AF29-479AB06DFBB7}.Debug|Any CPU.Build.0 = Debug|Any CPU
		{5C501C28-D515-47F7-AF29-479AB06DFBB7}.Debug|x86.ActiveCfg = Debug|Any CPU
		{5C501C28-D515-47F7-AF29-479AB06DFBB7}.Release|Any CPU.ActiveCfg = Release|Any CPU
		{5C501C28-D515-47F7-AF29-479AB06DFBB7}.Release|Any CPU.Build.0 = Release|Any CPU
		{5C501C28-D515-47F7-AF29-479AB06DFBB7}.Release|x86.ActiveCfg = Release|Any CPU
		{5C501C28-D515-47F7-AF29-479AB06DFBB7}.Testing|Any CPU.ActiveCfg = Release|Any CPU
		{5C501C28-D515-47F7-AF29-479AB06DFBB7}.Testing|Any CPU.Build.0 = Release|Any CPU
		{5C501C28-D515-47F7-AF29-479AB06DFBB7}.Testing|x86.ActiveCfg = Release|Any CPU
		{4E4C12E7-C609-4D79-A607-98C8C0DF9C59}.Debug|Any CPU.ActiveCfg = Debug|Any CPU
		{4E4C12E7-C609-4D79-A607-98C8C0DF9C59}.Debug|Any CPU.Build.0 = Debug|Any CPU
		{4E4C12E7-C609-4D79-A607-98C8C0DF9C59}.Debug|x86.ActiveCfg = Debug|Any CPU
		{4E4C12E7-C609-4D79-A607-98C8C0DF9C59}.Release|Any CPU.ActiveCfg = Release|Any CPU
		{4E4C12E7-C609-4D79-A607-98C8C0DF9C59}.Release|Any CPU.Build.0 = Release|Any CPU
		{4E4C12E7-C609-4D79-A607-98C8C0DF9C59}.Release|x86.ActiveCfg = Release|Any CPU
		{4E4C12E7-C609-4D79-A607-98C8C0DF9C59}.Testing|Any CPU.ActiveCfg = Release|Any CPU
		{4E4C12E7-C609-4D79-A607-98C8C0DF9C59}.Testing|Any CPU.Build.0 = Release|Any CPU
		{4E4C12E7-C609-4D79-A607-98C8C0DF9C59}.Testing|x86.ActiveCfg = Release|Any CPU
		{846C2D55-7663-4386-9412-AA9CBAE4565D}.Debug|Any CPU.ActiveCfg = Debug|Any CPU
		{846C2D55-7663-4386-9412-AA9CBAE4565D}.Debug|Any CPU.Build.0 = Debug|Any CPU
		{846C2D55-7663-4386-9412-AA9CBAE4565D}.Debug|x86.ActiveCfg = Debug|Any CPU
		{846C2D55-7663-4386-9412-AA9CBAE4565D}.Release|Any CPU.ActiveCfg = Release|Any CPU
		{846C2D55-7663-4386-9412-AA9CBAE4565D}.Release|Any CPU.Build.0 = Release|Any CPU
		{846C2D55-7663-4386-9412-AA9CBAE4565D}.Release|x86.ActiveCfg = Release|Any CPU
		{846C2D55-7663-4386-9412-AA9CBAE4565D}.Testing|Any CPU.ActiveCfg = Release|Any CPU
		{846C2D55-7663-4386-9412-AA9CBAE4565D}.Testing|Any CPU.Build.0 = Release|Any CPU
		{846C2D55-7663-4386-9412-AA9CBAE4565D}.Testing|x86.ActiveCfg = Release|Any CPU
		{EE24DF1F-6676-40D9-8302-E05031B160ED}.Debug|Any CPU.ActiveCfg = Debug|Any CPU
		{EE24DF1F-6676-40D9-8302-E05031B160ED}.Debug|Any CPU.Build.0 = Debug|Any CPU
		{EE24DF1F-6676-40D9-8302-E05031B160ED}.Debug|x86.ActiveCfg = Debug|Any CPU
		{EE24DF1F-6676-40D9-8302-E05031B160ED}.Release|Any CPU.ActiveCfg = Release|Any CPU
		{EE24DF1F-6676-40D9-8302-E05031B160ED}.Release|Any CPU.Build.0 = Release|Any CPU
		{EE24DF1F-6676-40D9-8302-E05031B160ED}.Release|x86.ActiveCfg = Release|Any CPU
		{EE24DF1F-6676-40D9-8302-E05031B160ED}.Testing|Any CPU.ActiveCfg = Release|Any CPU
		{EE24DF1F-6676-40D9-8302-E05031B160ED}.Testing|Any CPU.Build.0 = Release|Any CPU
		{EE24DF1F-6676-40D9-8302-E05031B160ED}.Testing|x86.ActiveCfg = Release|Any CPU
		{DC9C78F1-2C47-4B21-8027-F2B331BAAD78}.Debug|Any CPU.ActiveCfg = Debug|Any CPU
		{DC9C78F1-2C47-4B21-8027-F2B331BAAD78}.Debug|Any CPU.Build.0 = Debug|Any CPU
		{DC9C78F1-2C47-4B21-8027-F2B331BAAD78}.Debug|x86.ActiveCfg = Debug|Any CPU
		{DC9C78F1-2C47-4B21-8027-F2B331BAAD78}.Release|Any CPU.ActiveCfg = Debug|Any CPU
		{DC9C78F1-2C47-4B21-8027-F2B331BAAD78}.Release|Any CPU.Build.0 = Debug|Any CPU
		{DC9C78F1-2C47-4B21-8027-F2B331BAAD78}.Release|x86.ActiveCfg = Debug|Any CPU
		{DC9C78F1-2C47-4B21-8027-F2B331BAAD78}.Testing|Any CPU.ActiveCfg = Debug|Any CPU
		{DC9C78F1-2C47-4B21-8027-F2B331BAAD78}.Testing|Any CPU.Build.0 = Debug|Any CPU
		{DC9C78F1-2C47-4B21-8027-F2B331BAAD78}.Testing|x86.ActiveCfg = Debug|Any CPU
		{786F1DC7-87D5-4B57-8D6D-7643B8A912CA}.Debug|Any CPU.ActiveCfg = Debug|Any CPU
		{786F1DC7-87D5-4B57-8D6D-7643B8A912CA}.Debug|Any CPU.Build.0 = Debug|Any CPU
		{786F1DC7-87D5-4B57-8D6D-7643B8A912CA}.Debug|x86.ActiveCfg = Debug|x86
		{786F1DC7-87D5-4B57-8D6D-7643B8A912CA}.Debug|x86.Build.0 = Debug|x86
		{786F1DC7-87D5-4B57-8D6D-7643B8A912CA}.Release|Any CPU.ActiveCfg = Release|Any CPU
		{786F1DC7-87D5-4B57-8D6D-7643B8A912CA}.Release|Any CPU.Build.0 = Release|Any CPU
		{786F1DC7-87D5-4B57-8D6D-7643B8A912CA}.Release|x86.ActiveCfg = Release|x86
		{786F1DC7-87D5-4B57-8D6D-7643B8A912CA}.Release|x86.Build.0 = Release|x86
		{786F1DC7-87D5-4B57-8D6D-7643B8A912CA}.Testing|Any CPU.ActiveCfg = Release|x86
		{786F1DC7-87D5-4B57-8D6D-7643B8A912CA}.Testing|x86.ActiveCfg = Release|x86
		{786F1DC7-87D5-4B57-8D6D-7643B8A912CA}.Testing|x86.Build.0 = Release|x86
		{353B1A21-4E88-45B3-BF86-F317C267DEE6}.Debug|Any CPU.ActiveCfg = Debug|Any CPU
		{353B1A21-4E88-45B3-BF86-F317C267DEE6}.Debug|Any CPU.Build.0 = Debug|Any CPU
		{353B1A21-4E88-45B3-BF86-F317C267DEE6}.Debug|x86.ActiveCfg = Debug|Any CPU
		{353B1A21-4E88-45B3-BF86-F317C267DEE6}.Release|Any CPU.ActiveCfg = Release|Any CPU
		{353B1A21-4E88-45B3-BF86-F317C267DEE6}.Release|Any CPU.Build.0 = Release|Any CPU
		{353B1A21-4E88-45B3-BF86-F317C267DEE6}.Release|x86.ActiveCfg = Release|Any CPU
		{353B1A21-4E88-45B3-BF86-F317C267DEE6}.Testing|Any CPU.ActiveCfg = Release|Any CPU
		{353B1A21-4E88-45B3-BF86-F317C267DEE6}.Testing|Any CPU.Build.0 = Release|Any CPU
		{353B1A21-4E88-45B3-BF86-F317C267DEE6}.Testing|x86.ActiveCfg = Release|Any CPU
		{06371258-37B7-47BA-A85B-E59E86E12453}.Debug|Any CPU.ActiveCfg = Debug|Any CPU
		{06371258-37B7-47BA-A85B-E59E86E12453}.Debug|Any CPU.Build.0 = Debug|Any CPU
		{06371258-37B7-47BA-A85B-E59E86E12453}.Debug|x86.ActiveCfg = Debug|Any CPU
		{06371258-37B7-47BA-A85B-E59E86E12453}.Release|Any CPU.ActiveCfg = Release|Any CPU
		{06371258-37B7-47BA-A85B-E59E86E12453}.Release|Any CPU.Build.0 = Release|Any CPU
		{06371258-37B7-47BA-A85B-E59E86E12453}.Release|x86.ActiveCfg = Release|Any CPU
		{06371258-37B7-47BA-A85B-E59E86E12453}.Testing|Any CPU.ActiveCfg = Release|Any CPU
		{06371258-37B7-47BA-A85B-E59E86E12453}.Testing|Any CPU.Build.0 = Release|Any CPU
		{06371258-37B7-47BA-A85B-E59E86E12453}.Testing|x86.ActiveCfg = Release|Any CPU
		{40999F57-E3FC-4328-AD91-720462B420F2}.Debug|Any CPU.ActiveCfg = Debug|Any CPU
		{40999F57-E3FC-4328-AD91-720462B420F2}.Debug|Any CPU.Build.0 = Debug|Any CPU
		{40999F57-E3FC-4328-AD91-720462B420F2}.Debug|x86.ActiveCfg = Debug|Any CPU
		{40999F57-E3FC-4328-AD91-720462B420F2}.Release|Any CPU.ActiveCfg = Release|Any CPU
		{40999F57-E3FC-4328-AD91-720462B420F2}.Release|Any CPU.Build.0 = Release|Any CPU
		{40999F57-E3FC-4328-AD91-720462B420F2}.Release|x86.ActiveCfg = Release|Any CPU
		{40999F57-E3FC-4328-AD91-720462B420F2}.Testing|Any CPU.ActiveCfg = Release|Any CPU
		{40999F57-E3FC-4328-AD91-720462B420F2}.Testing|Any CPU.Build.0 = Release|Any CPU
		{40999F57-E3FC-4328-AD91-720462B420F2}.Testing|x86.ActiveCfg = Release|Any CPU
		{969B4E63-0A61-4EC8-9AFC-453F5589401B}.Debug|Any CPU.ActiveCfg = Debug|Any CPU
		{969B4E63-0A61-4EC8-9AFC-453F5589401B}.Debug|Any CPU.Build.0 = Debug|Any CPU
		{969B4E63-0A61-4EC8-9AFC-453F5589401B}.Debug|x86.ActiveCfg = Debug|Any CPU
		{969B4E63-0A61-4EC8-9AFC-453F5589401B}.Release|Any CPU.ActiveCfg = Release|Any CPU
		{969B4E63-0A61-4EC8-9AFC-453F5589401B}.Release|Any CPU.Build.0 = Release|Any CPU
		{969B4E63-0A61-4EC8-9AFC-453F5589401B}.Release|x86.ActiveCfg = Release|Any CPU
		{969B4E63-0A61-4EC8-9AFC-453F5589401B}.Testing|Any CPU.ActiveCfg = Release|Any CPU
		{969B4E63-0A61-4EC8-9AFC-453F5589401B}.Testing|Any CPU.Build.0 = Release|Any CPU
		{969B4E63-0A61-4EC8-9AFC-453F5589401B}.Testing|x86.ActiveCfg = Release|Any CPU
		{1963254E-65B0-4B93-8665-1F490614B879}.Debug|Any CPU.ActiveCfg = Debug|Any CPU
		{1963254E-65B0-4B93-8665-1F490614B879}.Debug|Any CPU.Build.0 = Debug|Any CPU
		{1963254E-65B0-4B93-8665-1F490614B879}.Debug|x86.ActiveCfg = Debug|Any CPU
		{1963254E-65B0-4B93-8665-1F490614B879}.Release|Any CPU.ActiveCfg = Release|Any CPU
		{1963254E-65B0-4B93-8665-1F490614B879}.Release|Any CPU.Build.0 = Release|Any CPU
		{1963254E-65B0-4B93-8665-1F490614B879}.Release|x86.ActiveCfg = Release|Any CPU
		{1963254E-65B0-4B93-8665-1F490614B879}.Testing|Any CPU.ActiveCfg = Release|Any CPU
		{1963254E-65B0-4B93-8665-1F490614B879}.Testing|Any CPU.Build.0 = Release|Any CPU
		{1963254E-65B0-4B93-8665-1F490614B879}.Testing|x86.ActiveCfg = Release|Any CPU
		{33126417-BCAE-4583-82DF-678F04AD8241}.Debug|Any CPU.ActiveCfg = Debug|Any CPU
		{33126417-BCAE-4583-82DF-678F04AD8241}.Debug|Any CPU.Build.0 = Debug|Any CPU
		{33126417-BCAE-4583-82DF-678F04AD8241}.Debug|x86.ActiveCfg = Debug|Any CPU
		{33126417-BCAE-4583-82DF-678F04AD8241}.Release|Any CPU.ActiveCfg = Release|Any CPU
		{33126417-BCAE-4583-82DF-678F04AD8241}.Release|Any CPU.Build.0 = Release|Any CPU
		{33126417-BCAE-4583-82DF-678F04AD8241}.Release|x86.ActiveCfg = Release|Any CPU
		{33126417-BCAE-4583-82DF-678F04AD8241}.Testing|Any CPU.ActiveCfg = Release|Any CPU
		{33126417-BCAE-4583-82DF-678F04AD8241}.Testing|Any CPU.Build.0 = Release|Any CPU
		{33126417-BCAE-4583-82DF-678F04AD8241}.Testing|x86.ActiveCfg = Release|Any CPU
		{E0331293-B58A-476E-BB4C-C900F8BF1EC2}.Debug|Any CPU.ActiveCfg = Debug|Any CPU
		{E0331293-B58A-476E-BB4C-C900F8BF1EC2}.Debug|Any CPU.Build.0 = Debug|Any CPU
		{E0331293-B58A-476E-BB4C-C900F8BF1EC2}.Debug|x86.ActiveCfg = Debug|Any CPU
		{E0331293-B58A-476E-BB4C-C900F8BF1EC2}.Release|Any CPU.ActiveCfg = Release|Any CPU
		{E0331293-B58A-476E-BB4C-C900F8BF1EC2}.Release|Any CPU.Build.0 = Release|Any CPU
		{E0331293-B58A-476E-BB4C-C900F8BF1EC2}.Release|x86.ActiveCfg = Release|Any CPU
		{E0331293-B58A-476E-BB4C-C900F8BF1EC2}.Testing|Any CPU.ActiveCfg = Release|Any CPU
		{E0331293-B58A-476E-BB4C-C900F8BF1EC2}.Testing|Any CPU.Build.0 = Release|Any CPU
		{E0331293-B58A-476E-BB4C-C900F8BF1EC2}.Testing|x86.ActiveCfg = Release|Any CPU
		{02B8B0B4-BCBD-4C3E-B021-B43D731E09BF}.Debug|Any CPU.ActiveCfg = Debug|Any CPU
		{02B8B0B4-BCBD-4C3E-B021-B43D731E09BF}.Debug|Any CPU.Build.0 = Debug|Any CPU
		{02B8B0B4-BCBD-4C3E-B021-B43D731E09BF}.Debug|x86.ActiveCfg = Debug|Any CPU
		{02B8B0B4-BCBD-4C3E-B021-B43D731E09BF}.Release|Any CPU.ActiveCfg = Release|Any CPU
		{02B8B0B4-BCBD-4C3E-B021-B43D731E09BF}.Release|Any CPU.Build.0 = Release|Any CPU
		{02B8B0B4-BCBD-4C3E-B021-B43D731E09BF}.Release|x86.ActiveCfg = Release|Any CPU
		{02B8B0B4-BCBD-4C3E-B021-B43D731E09BF}.Testing|Any CPU.ActiveCfg = Release|Any CPU
		{02B8B0B4-BCBD-4C3E-B021-B43D731E09BF}.Testing|Any CPU.Build.0 = Release|Any CPU
		{02B8B0B4-BCBD-4C3E-B021-B43D731E09BF}.Testing|x86.ActiveCfg = Release|Any CPU
		{40DFD8A2-7931-4272-91A2-23948C666273}.Debug|Any CPU.ActiveCfg = Debug|Any CPU
		{40DFD8A2-7931-4272-91A2-23948C666273}.Debug|Any CPU.Build.0 = Debug|Any CPU
		{40DFD8A2-7931-4272-91A2-23948C666273}.Debug|x86.ActiveCfg = Debug|Any CPU
		{40DFD8A2-7931-4272-91A2-23948C666273}.Release|Any CPU.ActiveCfg = Release|Any CPU
		{40DFD8A2-7931-4272-91A2-23948C666273}.Release|Any CPU.Build.0 = Release|Any CPU
		{40DFD8A2-7931-4272-91A2-23948C666273}.Release|x86.ActiveCfg = Release|Any CPU
		{40DFD8A2-7931-4272-91A2-23948C666273}.Testing|Any CPU.ActiveCfg = Release|Any CPU
		{40DFD8A2-7931-4272-91A2-23948C666273}.Testing|Any CPU.Build.0 = Release|Any CPU
		{40DFD8A2-7931-4272-91A2-23948C666273}.Testing|x86.ActiveCfg = Release|Any CPU
		{B90C41DC-C0EA-486C-A951-EA2B78A5D89A}.Debug|Any CPU.ActiveCfg = Debug|Any CPU
		{B90C41DC-C0EA-486C-A951-EA2B78A5D89A}.Debug|Any CPU.Build.0 = Debug|Any CPU
		{B90C41DC-C0EA-486C-A951-EA2B78A5D89A}.Debug|x86.ActiveCfg = Debug|Any CPU
		{B90C41DC-C0EA-486C-A951-EA2B78A5D89A}.Release|Any CPU.ActiveCfg = Release|Any CPU
		{B90C41DC-C0EA-486C-A951-EA2B78A5D89A}.Release|Any CPU.Build.0 = Release|Any CPU
		{B90C41DC-C0EA-486C-A951-EA2B78A5D89A}.Release|x86.ActiveCfg = Release|Any CPU
		{B90C41DC-C0EA-486C-A951-EA2B78A5D89A}.Testing|Any CPU.ActiveCfg = Release|Any CPU
		{B90C41DC-C0EA-486C-A951-EA2B78A5D89A}.Testing|Any CPU.Build.0 = Release|Any CPU
		{B90C41DC-C0EA-486C-A951-EA2B78A5D89A}.Testing|x86.ActiveCfg = Release|Any CPU
		{C4CEE545-C19C-46F1-94D0-FFB6D0640C2F}.Debug|Any CPU.ActiveCfg = Debug|Any CPU
		{C4CEE545-C19C-46F1-94D0-FFB6D0640C2F}.Debug|Any CPU.Build.0 = Debug|Any CPU
		{C4CEE545-C19C-46F1-94D0-FFB6D0640C2F}.Debug|x86.ActiveCfg = Debug|Any CPU
		{C4CEE545-C19C-46F1-94D0-FFB6D0640C2F}.Release|Any CPU.ActiveCfg = Release|Any CPU
		{C4CEE545-C19C-46F1-94D0-FFB6D0640C2F}.Release|Any CPU.Build.0 = Release|Any CPU
		{C4CEE545-C19C-46F1-94D0-FFB6D0640C2F}.Release|x86.ActiveCfg = Release|Any CPU
		{C4CEE545-C19C-46F1-94D0-FFB6D0640C2F}.Testing|Any CPU.ActiveCfg = Release|Any CPU
		{C4CEE545-C19C-46F1-94D0-FFB6D0640C2F}.Testing|Any CPU.Build.0 = Release|Any CPU
		{C4CEE545-C19C-46F1-94D0-FFB6D0640C2F}.Testing|x86.ActiveCfg = Release|Any CPU
		{98054A68-7396-43EF-9518-A57D10770432}.Debug|Any CPU.ActiveCfg = Debug|Any CPU
		{98054A68-7396-43EF-9518-A57D10770432}.Debug|Any CPU.Build.0 = Debug|Any CPU
		{98054A68-7396-43EF-9518-A57D10770432}.Debug|x86.ActiveCfg = Debug|Any CPU
		{98054A68-7396-43EF-9518-A57D10770432}.Debug|x86.Build.0 = Debug|Any CPU
		{98054A68-7396-43EF-9518-A57D10770432}.Release|Any CPU.ActiveCfg = Release|Any CPU
		{98054A68-7396-43EF-9518-A57D10770432}.Release|Any CPU.Build.0 = Release|Any CPU
		{98054A68-7396-43EF-9518-A57D10770432}.Release|x86.ActiveCfg = Release|Any CPU
		{98054A68-7396-43EF-9518-A57D10770432}.Release|x86.Build.0 = Release|Any CPU
		{98054A68-7396-43EF-9518-A57D10770432}.Testing|Any CPU.ActiveCfg = Release|Any CPU
		{98054A68-7396-43EF-9518-A57D10770432}.Testing|Any CPU.Build.0 = Release|Any CPU
		{98054A68-7396-43EF-9518-A57D10770432}.Testing|x86.ActiveCfg = Release|Any CPU
		{98054A68-7396-43EF-9518-A57D10770432}.Testing|x86.Build.0 = Release|Any CPU
		{0AA057C7-6987-4BEE-8049-A36FEF8CDC45}.Debug|Any CPU.ActiveCfg = Debug|Any CPU
		{0AA057C7-6987-4BEE-8049-A36FEF8CDC45}.Debug|Any CPU.Build.0 = Debug|Any CPU
		{0AA057C7-6987-4BEE-8049-A36FEF8CDC45}.Debug|x86.ActiveCfg = Debug|Any CPU
		{0AA057C7-6987-4BEE-8049-A36FEF8CDC45}.Debug|x86.Build.0 = Debug|Any CPU
		{0AA057C7-6987-4BEE-8049-A36FEF8CDC45}.Release|Any CPU.ActiveCfg = Release|Any CPU
		{0AA057C7-6987-4BEE-8049-A36FEF8CDC45}.Release|Any CPU.Build.0 = Release|Any CPU
		{0AA057C7-6987-4BEE-8049-A36FEF8CDC45}.Release|x86.ActiveCfg = Release|Any CPU
		{0AA057C7-6987-4BEE-8049-A36FEF8CDC45}.Release|x86.Build.0 = Release|Any CPU
		{0AA057C7-6987-4BEE-8049-A36FEF8CDC45}.Testing|Any CPU.ActiveCfg = Release|Any CPU
		{0AA057C7-6987-4BEE-8049-A36FEF8CDC45}.Testing|Any CPU.Build.0 = Release|Any CPU
		{0AA057C7-6987-4BEE-8049-A36FEF8CDC45}.Testing|x86.ActiveCfg = Release|Any CPU
		{0AA057C7-6987-4BEE-8049-A36FEF8CDC45}.Testing|x86.Build.0 = Release|Any CPU
		{44ED6E85-88D6-4C4F-8DA7-A0C52320C92C}.Debug|Any CPU.ActiveCfg = Debug|Any CPU
		{44ED6E85-88D6-4C4F-8DA7-A0C52320C92C}.Debug|Any CPU.Build.0 = Debug|Any CPU
		{44ED6E85-88D6-4C4F-8DA7-A0C52320C92C}.Debug|x86.ActiveCfg = Debug|Any CPU
		{44ED6E85-88D6-4C4F-8DA7-A0C52320C92C}.Release|Any CPU.ActiveCfg = Release|Any CPU
		{44ED6E85-88D6-4C4F-8DA7-A0C52320C92C}.Release|Any CPU.Build.0 = Release|Any CPU
		{44ED6E85-88D6-4C4F-8DA7-A0C52320C92C}.Release|x86.ActiveCfg = Release|Any CPU
		{44ED6E85-88D6-4C4F-8DA7-A0C52320C92C}.Testing|Any CPU.ActiveCfg = Release|Any CPU
		{44ED6E85-88D6-4C4F-8DA7-A0C52320C92C}.Testing|Any CPU.Build.0 = Release|Any CPU
		{44ED6E85-88D6-4C4F-8DA7-A0C52320C92C}.Testing|x86.ActiveCfg = Release|Any CPU
	EndGlobalSection
	GlobalSection(SolutionProperties) = preSolution
		HideSolutionNode = FALSE
	EndGlobalSection
	GlobalSection(ExtensibilityGlobals) = postSolution
		SolutionGuid = {420BB7A8-257C-4306-895B-A6BB135FFE90}
	EndGlobalSection
	GlobalSection(TeamFoundationVersionControl) = preSolution
		SccNumberOfProjects = 23
		SccEnterpriseProvider = {4CA58AB2-18FA-4F8D-95D4-32DDF27D184C}
		SccTeamFoundationServer = http://tfs17.corp.virtualpremise.com:8080/tfs/defaultcollection
		SccLocalPath0 = .
		SccProjectUniqueName1 = VirtualPremise.Domain.Financials\\VirtualPremise.Domain.Financials.csproj
		SccProjectName1 = VirtualPremise.Domain.Financials
		SccLocalPath1 = VirtualPremise.Domain.Financials
		SccProjectUniqueName2 = VirtualPremise.Domain.PercentRent\\VirtualPremise.Domain.PercentRent.csproj
		SccProjectName2 = VirtualPremise.Domain.PercentRent
		SccLocalPath2 = VirtualPremise.Domain.PercentRent
		SccProjectUniqueName3 = VirtualPremise.Domain.Security\\VirtualPremise.Domain.Security.csproj
		SccProjectName3 = VirtualPremise.Domain.Security
		SccLocalPath3 = VirtualPremise.Domain.Security
		SccProjectUniqueName4 = VirtualPremise.Domain.VPObjects\\VirtualPremise.Domain.VPObjects.csproj
		SccProjectName4 = VirtualPremise.Domain.VPObjects
		SccLocalPath4 = VirtualPremise.Domain.VPObjects
		SccProjectUniqueName5 = VirtualPremise.Domain.Web\\VirtualPremise.Domain.Web.Profile.csproj
		SccProjectName5 = VirtualPremise.Domain.Web
		SccLocalPath5 = VirtualPremise.Domain.Web
		SccProjectUniqueName6 = VirtualPremise.Domain.Web.UIServices\\VirtualPremise.Domain.Web.UIServices.csproj
		SccProjectName6 = VirtualPremise.Domain.Web.UIServices
		SccLocalPath6 = VirtualPremise.Domain.Web.UIServices
		SccProjectUniqueName7 = VirtualPremise.Domain.Financials.Test\\VirtualPremise.Domain.Financials.Test\\VirtualPremise.Domain.Financials.Test.csproj
		SccProjectName7 = VirtualPremise.Domain.Financials.Test/VirtualPremise.Domain.Financials.Test
		SccLocalPath7 = VirtualPremise.Domain.Financials.Test\\VirtualPremise.Domain.Financials.Test
		SccProjectUniqueName8 = VirtualPremise.Domain.Logging\\VirtualPremise.Domain.Logging.csproj
		SccProjectName8 = VirtualPremise.Domain.Logging
		SccLocalPath8 = VirtualPremise.Domain.Logging
		SccProjectUniqueName9 = VirtualPremise.Domain.RequestManagement\\VirtualPremise.Domain.RequestManagement.csproj
		SccProjectName9 = VirtualPremise.Domain.RequestManagement
		SccLocalPath9 = VirtualPremise.Domain.RequestManagement
		SccProjectUniqueName10 = VirtualPremise.Domain.RequestManagement.Test\\VirtualPremise.Domain.RequestManagement.Test.csproj
		SccProjectName10 = VirtualPremise.Domain.RequestManagement.Test
		SccLocalPath10 = VirtualPremise.Domain.RequestManagement.Test
		SccProjectUniqueName11 = VirtualPremise.Domain.VPObjects.Test\\VirtualPremise.Domain.VPObjects.Test.csproj
		SccProjectName11 = VirtualPremise.Domain.VPObjects.Test
		SccLocalPath11 = VirtualPremise.Domain.VPObjects.Test
		SccProjectUniqueName12 = VirtualPremise.Domain.Logging.Test\\VirtualPremise.Domain.Logging.Test.csproj
		SccProjectName12 = VirtualPremise.Domain.Logging.Test
		SccLocalPath12 = VirtualPremise.Domain.Logging.Test
		SccProjectUniqueName13 = VirtualPremise.Domain.PercentRent.Test\\VirtualPremise.Domain.PercentRent.Test.csproj
		SccProjectName13 = VirtualPremise.Domain.PercentRent.Test
		SccLocalPath13 = VirtualPremise.Domain.PercentRent.Test
		SccProjectUniqueName14 = VirtualPremise.Domain.Web.Profile.Test\\VirtualPremise.Domain.Web.Profile.Test.csproj
		SccProjectName14 = VirtualPremise.Domain.Web.Profile.Test
		SccLocalPath14 = VirtualPremise.Domain.Web.Profile.Test
		SccProjectUniqueName15 = VirtualPremise.Domain.Web.UIServices.Test\\VirtualPremise.Domain.Web.UIServices.Test.csproj
		SccProjectName15 = VirtualPremise.Domain.Web.UIServices.Test
		SccLocalPath15 = VirtualPremise.Domain.Web.UIServices.Test
		SccProjectUniqueName16 = VirtualPremise.Domain.Repositories\\VirtualPremise.Domain.Repositories.csproj
		SccProjectName16 = VirtualPremise.Domain.Repositories
		SccLocalPath16 = VirtualPremise.Domain.Repositories
		SccProjectUniqueName17 = VirtualPremise.Domain.Reports\\VirtualPremise.Domain.Reports.csproj
		SccProjectName17 = VirtualPremise.Domain.Reports
		SccLocalPath17 = VirtualPremise.Domain.Reports
		SccProjectUniqueName18 = VirtualPremise.Domain.Reports.Test\\VirtualPremise.Domain.Reports.Test.csproj
		SccProjectName18 = VirtualPremise.Domain.Reports.Test
		SccLocalPath18 = VirtualPremise.Domain.Reports.Test
		SccProjectUniqueName19 = VirtualPremise.Web.UI.ReportViewer05\\VirtualPremise.Web.UI.ReportViewer05.csproj
		SccProjectName19 = VirtualPremise.Web.UI.ReportViewer05
		SccLocalPath19 = VirtualPremise.Web.UI.ReportViewer05
		SccProjectUniqueName20 = VirtualPremise.Domain.Web.Test\\VirtualPremise.Domain.Web.Test.csproj
		SccProjectName20 = VirtualPremise.Domain.Web.Test
		SccLocalPath20 = VirtualPremise.Domain.Web.Test
		SccProjectUniqueName21 = v05\\v05.vbproj
		SccProjectName21 = v05
		SccLocalPath21 = v05
		SccWebProject22 = true
		SccProjectUniqueName22 = VP_V06
		SccProjectName22 = VP_V06
		SccLocalPath22 = VP_V06
		SccProjectEnlistmentChoice22 = 2
	EndGlobalSection
EndGlobal
